
Microsoft Visual Studio Solution File, Format Version 12.00
# Visual Studio Version 16
VisualStudioVersion = 16.0.29306.81
MinimumVisualStudioVersion = 10.0.40219.1
Project("{FAE04EC0-301F-11D3-BF4B-00C04F79EFBC}") = "WebApplication2", "WebApplication2\WebApplication2.csproj", "{D321FFD4-44E3-4317-ACD6-3B5B69157C94}"
EndProject
Global
	GlobalSection(SolutionConfigurationPlatforms) = preSolution
		Debug|Any CPU = Debug|Any CPU
		Release|Any CPU = Release|Any CPU
	EndGlobalSection
	GlobalSection(ProjectConfigurationPlatforms) = postSolution
		{D321FFD4-44E3-4317-ACD6-3B5B69157C94}.Debug|Any CPU.ActiveCfg = Debug|Any CPU
		{D321FFD4-44E3-4317-ACD6-3B5B69157C94}.Debug|Any CPU.Build.0 = Debug|Any CPU
		{D321FFD4-44E3-4317-ACD6-3B5B69157C94}.Release|Any CPU.ActiveCfg = Release|Any CPU
		{D321FFD4-44E3-4317-ACD6-3B5B69157C94}.Release|Any CPU.Build.0 = Release|Any CPU
	EndGlobalSection
	GlobalSection(SolutionProperties) = preSolution
		HideSolutionNode = FALSE
	EndGlobalSection
	GlobalSection(ExtensibilityGlobals) = postSolution
		SolutionGuid = {1D00AAA5-AEF7-493A-8580-743590A0001B}
	EndGlobalSection
EndGlobal
